// !$*UTF8*$!
{
	archiveVersion = 1;
	classes = {
	};
	objectVersion = 55;
	objects = {

/* Begin PBXBuildFile section */
		718AF35928326EC4004BCD5A /* LandmarksApp.swift in Sources */ = {isa = PBXBuildFile; fileRef = 718AF35828326EC4004BCD5A /* LandmarksApp.swift */; };
		718AF35B28326EC4004BCD5A /* ContentView.swift in Sources */ = {isa = PBXBuildFile; fileRef = 718AF35A28326EC4004BCD5A /* ContentView.swift */; };
		718AF35D28326EC5004BCD5A /* Assets.xcassets in Resources */ = {isa = PBXBuildFile; fileRef = 718AF35C28326EC5004BCD5A /* Assets.xcassets */; };
		718AF36028326EC5004BCD5A /* Preview Assets.xcassets in Resources */ = {isa = PBXBuildFile; fileRef = 718AF35F28326EC5004BCD5A /* Preview Assets.xcassets */; };
		71A24DF62833D8B20023E9CB /* FavoriteButton.swift in Sources */ = {isa = PBXBuildFile; fileRef = 71A24DF52833D8B20023E9CB /* FavoriteButton.swift */; };
		71CF448D2837C6F2001AC94B /* HexagonParameters.swift in Sources */ = {isa = PBXBuildFile; fileRef = 71CF448C2837C6F2001AC94B /* HexagonParameters.swift */; };
		71CF44912837C7C5001AC94B /* BadgeBackground.swift in Sources */ = {isa = PBXBuildFile; fileRef = 71CF44902837C7C5001AC94B /* BadgeBackground.swift */; };
		71CF44932837CB6E001AC94B /* BadgeSymbol.swift in Sources */ = {isa = PBXBuildFile; fileRef = 71CF44922837CB6E001AC94B /* BadgeSymbol.swift */; };
		71CF44952837CBDF001AC94B /* RotatedBadgeSymbol.swift in Sources */ = {isa = PBXBuildFile; fileRef = 71CF44942837CBDF001AC94B /* RotatedBadgeSymbol.swift */; };
		71CF44982837CC60001AC94B /* Badge.swift in Sources */ = {isa = PBXBuildFile; fileRef = 71CF44972837CC60001AC94B /* Badge.swift */; };
		71E13CC9283271C100A02E01 /* CircleImage.swift in Sources */ = {isa = PBXBuildFile; fileRef = 71E13CC8283271C100A02E01 /* CircleImage.swift */; };
		71E13CCC283273BD00A02E01 /* MapView.swift in Sources */ = {isa = PBXBuildFile; fileRef = 71E13CCB283273BD00A02E01 /* MapView.swift */; };
		71E13CCE28327A4500A02E01 /* landmarkData.json in Resources */ = {isa = PBXBuildFile; fileRef = 71E13CCD28327A4500A02E01 /* landmarkData.json */; };
		71E13CD028327A5F00A02E01 /* Landmark.swift in Sources */ = {isa = PBXBuildFile; fileRef = 71E13CCF28327A5F00A02E01 /* Landmark.swift */; };
		71E13CD228328CE300A02E01 /* ModelData.swift in Sources */ = {isa = PBXBuildFile; fileRef = 71E13CD128328CE300A02E01 /* ModelData.swift */; };
		71E13CD728329ACE00A02E01 /* LandmarkRow.swift in Sources */ = {isa = PBXBuildFile; fileRef = 71E13CD628329ACE00A02E01 /* LandmarkRow.swift */; };
		71E13CD928329C5000A02E01 /* LandmarkList.swift in Sources */ = {isa = PBXBuildFile; fileRef = 71E13CD828329C5000A02E01 /* LandmarkList.swift */; };
		71E13CDB28329D4900A02E01 /* LandmarkDetail.swift in Sources */ = {isa = PBXBuildFile; fileRef = 71E13CDA28329D4900A02E01 /* LandmarkDetail.swift */; };
/* End PBXBuildFile section */

/* Begin PBXFileReference section */
		718AF35528326EC4004BCD5A /* Landmarks.app */ = {isa = PBXFileReference; explicitFileType = wrapper.application; includeInIndex = 0; path = Landmarks.app; sourceTree = BUILT_PRODUCTS_DIR; };
		718AF35828326EC4004BCD5A /* LandmarksApp.swift */ = {isa = PBXFileReference; lastKnownFileType = sourcecode.swift; path = LandmarksApp.swift; sourceTree = "<group>"; };
		718AF35A28326EC4004BCD5A /* ContentView.swift */ = {isa = PBXFileReference; lastKnownFileType = sourcecode.swift; path = ContentView.swift; sourceTree = "<group>"; };
		718AF35C28326EC5004BCD5A /* Assets.xcassets */ = {isa = PBXFileReference; lastKnownFileType = folder.assetcatalog; path = Assets.xcassets; sourceTree = "<group>"; };
		718AF35F28326EC5004BCD5A /* Preview Assets.xcassets */ = {isa = PBXFileReference; lastKnownFileType = folder.assetcatalog; path = "Preview Assets.xcassets"; sourceTree = "<group>"; };
		71A24DF52833D8B20023E9CB /* FavoriteButton.swift */ = {isa = PBXFileReference; lastKnownFileType = sourcecode.swift; path = FavoriteButton.swift; sourceTree = "<group>"; };
		71CF448C2837C6F2001AC94B /* HexagonParameters.swift */ = {isa = PBXFileReference; lastKnownFileType = sourcecode.swift; path = HexagonParameters.swift; sourceTree = "<group>"; };
		71CF44902837C7C5001AC94B /* BadgeBackground.swift */ = {isa = PBXFileReference; lastKnownFileType = sourcecode.swift; path = BadgeBackground.swift; sourceTree = "<group>"; };
		71CF44922837CB6E001AC94B /* BadgeSymbol.swift */ = {isa = PBXFileReference; lastKnownFileType = sourcecode.swift; path = BadgeSymbol.swift; sourceTree = "<group>"; };
		71CF44942837CBDF001AC94B /* RotatedBadgeSymbol.swift */ = {isa = PBXFileReference; lastKnownFileType = sourcecode.swift; path = RotatedBadgeSymbol.swift; sourceTree = "<group>"; };
		71CF44972837CC60001AC94B /* Badge.swift */ = {isa = PBXFileReference; lastKnownFileType = sourcecode.swift; path = Badge.swift; sourceTree = "<group>"; };
		71E13CC8283271C100A02E01 /* CircleImage.swift */ = {isa = PBXFileReference; lastKnownFileType = sourcecode.swift; path = CircleImage.swift; sourceTree = "<group>"; };
		71E13CCB283273BD00A02E01 /* MapView.swift */ = {isa = PBXFileReference; lastKnownFileType = sourcecode.swift; path = MapView.swift; sourceTree = "<group>"; };
		71E13CCD28327A4500A02E01 /* landmarkData.json */ = {isa = PBXFileReference; fileEncoding = 4; lastKnownFileType = text.json; path = landmarkData.json; sourceTree = "<group>"; };
		71E13CCF28327A5F00A02E01 /* Landmark.swift */ = {isa = PBXFileReference; lastKnownFileType = sourcecode.swift; path = Landmark.swift; sourceTree = "<group>"; };
		71E13CD128328CE300A02E01 /* ModelData.swift */ = {isa = PBXFileReference; lastKnownFileType = sourcecode.swift; path = ModelData.swift; sourceTree = "<group>"; };
		71E13CD628329ACE00A02E01 /* LandmarkRow.swift */ = {isa = PBXFileReference; lastKnownFileType = sourcecode.swift; path = LandmarkRow.swift; sourceTree = "<group>"; };
		71E13CD828329C5000A02E01 /* LandmarkList.swift */ = {isa = PBXFileReference; lastKnownFileType = sourcecode.swift; path = LandmarkList.swift; sourceTree = "<group>"; };
		71E13CDA28329D4900A02E01 /* LandmarkDetail.swift */ = {isa = PBXFileReference; lastKnownFileType = sourcecode.swift; path = LandmarkDetail.swift; sourceTree = "<group>"; };
/* End PBXFileReference section */

/* Begin PBXFrameworksBuildPhase section */
		718AF35228326EC4004BCD5A /* Frameworks */ = {
			isa = PBXFrameworksBuildPhase;
			buildActionMask = 2147483647;
			files = (
			);
			runOnlyForDeploymentPostprocessing = 0;
		};
/* End PBXFrameworksBuildPhase section */

/* Begin PBXGroup section */
		718AF34C28326EC4004BCD5A = {
			isa = PBXGroup;
			children = (
				718AF35728326EC4004BCD5A /* Landmarks */,
				718AF35628326EC4004BCD5A /* Products */,
			);
			sourceTree = "<group>";
		};
		718AF35628326EC4004BCD5A /* Products */ = {
			isa = PBXGroup;
			children = (
				718AF35528326EC4004BCD5A /* Landmarks.app */,
			);
			name = Products;
			sourceTree = "<group>";
		};
		718AF35728326EC4004BCD5A /* Landmarks */ = {
			isa = PBXGroup;
			children = (
				71E13CD528328FCB00A02E01 /* Resources */,
				71E13CD428328FB900A02E01 /* Model */,
				71E13CD328328FAB00A02E01 /* Views */,
				71E13CCA283273A500A02E01 /* Files */,
				718AF35828326EC4004BCD5A /* LandmarksApp.swift */,
			);
			path = Landmarks;
			sourceTree = "<group>";
		};
		718AF35E28326EC5004BCD5A /* Preview Content */ = {
			isa = PBXGroup;
			children = (
				718AF35F28326EC5004BCD5A /* Preview Assets.xcassets */,
			);
			path = "Preview Content";
			sourceTree = "<group>";
		};
		71A24DF72833D9C80023E9CB /* Landmarks */ = {
			isa = PBXGroup;
			children = (
				71E13CD628329ACE00A02E01 /* LandmarkRow.swift */,
				71E13CD828329C5000A02E01 /* LandmarkList.swift */,
				71E13CDA28329D4900A02E01 /* LandmarkDetail.swift */,
			);
			path = Landmarks;
			sourceTree = "<group>";
		};
		71A24DF82833D9D80023E9CB /* Helpers */ = {
			isa = PBXGroup;
			children = (
				71E13CCB283273BD00A02E01 /* MapView.swift */,
				71A24DF52833D8B20023E9CB /* FavoriteButton.swift */,
				71E13CC8283271C100A02E01 /* CircleImage.swift */,
			);
			path = Helpers;
			sourceTree = "<group>";
		};
		71CF44962837CC34001AC94B /* Badges */ = {
			isa = PBXGroup;
			children = (
				71CF448C2837C6F2001AC94B /* HexagonParameters.swift */,
				71CF44902837C7C5001AC94B /* BadgeBackground.swift */,
				71CF44922837CB6E001AC94B /* BadgeSymbol.swift */,
				71CF44942837CBDF001AC94B /* RotatedBadgeSymbol.swift */,
				71CF44972837CC60001AC94B /* Badge.swift */,
			);
			path = Badges;
			sourceTree = "<group>";
		};
		71E13CCA283273A500A02E01 /* Files */ = {
			isa = PBXGroup;
			children = (
				718AF35E28326EC5004BCD5A /* Preview Content */,
				718AF35C28326EC5004BCD5A /* Assets.xcassets */,
			);
			name = Files;
			sourceTree = "<group>";
		};
		71E13CD328328FAB00A02E01 /* Views */ = {
			isa = PBXGroup;
			children = (
				718AF35A28326EC4004BCD5A /* ContentView.swift */,
				71A24DF72833D9C80023E9CB /* Landmarks */,
				71CF44962837CC34001AC94B /* Badges */,
				71A24DF82833D9D80023E9CB /* Helpers */,
			);
			path = Views;
			sourceTree = "<group>";
		};
		71E13CD428328FB900A02E01 /* Model */ = {
			isa = PBXGroup;
			children = (
				71E13CD128328CE300A02E01 /* ModelData.swift */,
				71E13CCF28327A5F00A02E01 /* Landmark.swift */,
			);
			name = Model;
			sourceTree = "<group>";
		};
		71E13CD528328FCB00A02E01 /* Resources */ = {
			isa = PBXGroup;
			children = (
				71E13CCD28327A4500A02E01 /* landmarkData.json */,
			);
			name = Resources;
			sourceTree = "<group>";
		};
/* End PBXGroup section */

/* Begin PBXNativeTarget section */
		718AF35428326EC4004BCD5A /* Landmarks */ = {
			isa = PBXNativeTarget;
			buildConfigurationList = 718AF36328326EC5004BCD5A /* Build configuration list for PBXNativeTarget "Landmarks" */;
			buildPhases = (
				718AF35128326EC4004BCD5A /* Sources */,
				718AF35228326EC4004BCD5A /* Frameworks */,
				718AF35328326EC4004BCD5A /* Resources */,
			);
			buildRules = (
			);
			dependencies = (
			);
			name = Landmarks;
			productName = Landmarks;
			productReference = 718AF35528326EC4004BCD5A /* Landmarks.app */;
			productType = "com.apple.product-type.application";
		};
/* End PBXNativeTarget section */

/* Begin PBXProject section */
		718AF34D28326EC4004BCD5A /* Project object */ = {
			isa = PBXProject;
			attributes = {
				BuildIndependentTargetsInParallel = 1;
				LastSwiftUpdateCheck = 1320;
				LastUpgradeCheck = 1320;
				TargetAttributes = {
					718AF35428326EC4004BCD5A = {
						CreatedOnToolsVersion = 13.2.1;
					};
				};
			};
			buildConfigurationList = 718AF35028326EC4004BCD5A /* Build configuration list for PBXProject "Landmarks" */;
			compatibilityVersion = "Xcode 13.0";
			developmentRegion = en;
			hasScannedForEncodings = 0;
			knownRegions = (
				en,
				Base,
			);
			mainGroup = 718AF34C28326EC4004BCD5A;
			productRefGroup = 718AF35628326EC4004BCD5A /* Products */;
			projectDirPath = "";
			projectRoot = "";
			targets = (
				718AF35428326EC4004BCD5A /* Landmarks */,
			);
		};
/* End PBXProject section */

/* Begin PBXResourcesBuildPhase section */
		718AF35328326EC4004BCD5A /* Resources */ = {
			isa = PBXResourcesBuildPhase;
			buildActionMask = 2147483647;
			files = (
				718AF36028326EC5004BCD5A /* Preview Assets.xcassets in Resources */,
				718AF35D28326EC5004BCD5A /* Assets.xcassets in Resources */,
				71E13CCE28327A4500A02E01 /* landmarkData.json in Resources */,
			);
			runOnlyForDeploymentPostprocessing = 0;
		};
/* End PBXResourcesBuildPhase section */

/* Begin PBXSourcesBuildPhase section */
		718AF35128326EC4004BCD5A /* Sources */ = {
			isa = PBXSourcesBuildPhase;
			buildActionMask = 2147483647;
			files = (
				718AF35B28326EC4004BCD5A /* ContentView.swift in Sources */,
				71CF44982837CC60001AC94B /* Badge.swift in Sources */,
				71E13CCC283273BD00A02E01 /* MapView.swift in Sources */,
				718AF35928326EC4004BCD5A /* LandmarksApp.swift in Sources */,
				71A24DF62833D8B20023E9CB /* FavoriteButton.swift in Sources */,
				71CF448D2837C6F2001AC94B /* HexagonParameters.swift in Sources */,
				71CF44952837CBDF001AC94B /* RotatedBadgeSymbol.swift in Sources */,
				71CF44932837CB6E001AC94B /* BadgeSymbol.swift in Sources */,
				71E13CD928329C5000A02E01 /* LandmarkList.swift in Sources */,
				71E13CDB28329D4900A02E01 /* LandmarkDetail.swift in Sources */,
				71CF44912837C7C5001AC94B /* BadgeBackground.swift in Sources */,
				71E13CC9283271C100A02E01 /* CircleImage.swift in Sources */,
				71E13CD028327A5F00A02E01 /* Landmark.swift in Sources */,
				71E13CD728329ACE00A02E01 /* LandmarkRow.swift in Sources */,
				71E13CD228328CE300A02E01 /* ModelData.swift in Sources */,
			);
			runOnlyForDeploymentPostprocessing = 0;
		};
/* End PBXSourcesBuildPhase section */

/* Begin XCBuildConfiguration section */
		718AF36128326EC5004BCD5A /* Debug */ = {
			isa = XCBuildConfiguration;
			buildSettings = {
				ALWAYS_SEARCH_USER_PATHS = NO;
				CLANG_ANALYZER_NONNULL = YES;
				CLANG_ANALYZER_NUMBER_OBJECT_CONVERSION = YES_AGGRESSIVE;
				CLANG_CXX_LANGUAGE_STANDARD = "gnu++17";
				CLANG_CXX_LIBRARY = "libc++";
				CLANG_ENABLE_MODULES = YES;
				CLANG_ENABLE_OBJC_ARC = YES;
				CLANG_ENABLE_OBJC_WEAK = YES;
				CLANG_WARN_BLOCK_CAPTURE_AUTORELEASING = YES;
				CLANG_WARN_BOOL_CONVERSION = YES;
				CLANG_WARN_COMMA = YES;
				CLANG_WARN_CONSTANT_CONVERSION = YES;
				CLANG_WARN_DEPRECATED_OBJC_IMPLEMENTATIONS = YES;
				CLANG_WARN_DIRECT_OBJC_ISA_USAGE = YES_ERROR;
				CLANG_WARN_DOCUMENTATION_COMMENTS = YES;
				CLANG_WARN_EMPTY_BODY = YES;
				CLANG_WARN_ENUM_CONVERSION = YES;
				CLANG_WARN_INFINITE_RECURSION = YES;
				CLANG_WARN_INT_CONVERSION = YES;
				CLANG_WARN_NON_LITERAL_NULL_CONVERSION = YES;
				CLANG_WARN_OBJC_IMPLICIT_RETAIN_SELF = YES;
				CLANG_WARN_OBJC_LITERAL_CONVERSION = YES;
				CLANG_WARN_OBJC_ROOT_CLASS = YES_ERROR;
				CLANG_WARN_QUOTED_INCLUDE_IN_FRAMEWORK_HEADER = YES;
				CLANG_WARN_RANGE_LOOP_ANALYSIS = YES;
				CLANG_WARN_STRICT_PROTOTYPES = YES;
				CLANG_WARN_SUSPICIOUS_MOVE = YES;
				CLANG_WARN_UNGUARDED_AVAILABILITY = YES_AGGRESSIVE;
				CLANG_WARN_UNREACHABLE_CODE = YES;
				CLANG_WARN__DUPLICATE_METHOD_MATCH = YES;
				COPY_PHASE_STRIP = NO;
				DEBUG_INFORMATION_FORMAT = dwarf;
				ENABLE_STRICT_OBJC_MSGSEND = YES;
				ENABLE_TESTABILITY = YES;
				GCC_C_LANGUAGE_STANDARD = gnu11;
				GCC_DYNAMIC_NO_PIC = NO;
				GCC_NO_COMMON_BLOCKS = YES;
				GCC_OPTIMIZATION_LEVEL = 0;
				GCC_PREPROCESSOR_DEFINITIONS = (
					"DEBUG=1",
					"$(inherited)",
				);
				GCC_WARN_64_TO_32_BIT_CONVERSION = YES;
				GCC_WARN_ABOUT_RETURN_TYPE = YES_ERROR;
				GCC_WARN_UNDECLARED_SELECTOR = YES;
				GCC_WARN_UNINITIALIZED_AUTOS = YES_AGGRESSIVE;
				GCC_WARN_UNUSED_FUNCTION = YES;
				GCC_WARN_UNUSED_VARIABLE = YES;
				IPHONEOS_DEPLOYMENT_TARGET = 15.2;
				MTL_ENABLE_DEBUG_INFO = INCLUDE_SOURCE;
				MTL_FAST_MATH = YES;
				ONLY_ACTIVE_ARCH = YES;
				SDKROOT = iphoneos;
				SWIFT_ACTIVE_COMPILATION_CONDITIONS = DEBUG;
				SWIFT_OPTIMIZATION_LEVEL = "-Onone";
			};
			name = Debug;
		};
		718AF36228326EC5004BCD5A /* Release */ = {
			isa = XCBuildConfiguration;
			buildSettings = {
				ALWAYS_SEARCH_USER_PATHS = NO;
				CLANG_ANALYZER_NONNULL = YES;
				CLANG_ANALYZER_NUMBER_OBJECT_CONVERSION = YES_AGGRESSIVE;
				CLANG_CXX_LANGUAGE_STANDARD = "gnu++17";
				CLANG_CXX_LIBRARY = "libc++";
				CLANG_ENABLE_MODULES = YES;
				CLANG_ENABLE_OBJC_ARC = YES;
				CLANG_ENABLE_OBJC_WEAK = YES;
				CLANG_WARN_BLOCK_CAPTURE_AUTORELEASING = YES;
				CLANG_WARN_BOOL_CONVERSION = YES;
				CLANG_WARN_COMMA = YES;
				CLANG_WARN_CONSTANT_CONVERSION = YES;
				CLANG_WARN_DEPRECATED_OBJC_IMPLEMENTATIONS = YES;
				CLANG_WARN_DIRECT_OBJC_ISA_USAGE = YES_ERROR;
				CLANG_WARN_DOCUMENTATION_COMMENTS = YES;
				CLANG_WARN_EMPTY_BODY = YES;
				CLANG_WARN_ENUM_CONVERSION = YES;
				CLANG_WARN_INFINITE_RECURSION = YES;
				CLANG_WARN_INT_CONVERSION = YES;
				CLANG_WARN_NON_LITERAL_NULL_CONVERSION = YES;
				CLANG_WARN_OBJC_IMPLICIT_RETAIN_SELF = YES;
				CLANG_WARN_OBJC_LITERAL_CONVERSION = YES;
				CLANG_WARN_OBJC_ROOT_CLASS = YES_ERROR;
				CLANG_WARN_QUOTED_INCLUDE_IN_FRAMEWORK_HEADER = YES;
				CLANG_WARN_RANGE_LOOP_ANALYSIS = YES;
				CLANG_WARN_STRICT_PROTOTYPES = YES;
				CLANG_WARN_SUSPICIOUS_MOVE = YES;
				CLANG_WARN_UNGUARDED_AVAILABILITY = YES_AGGRESSIVE;
				CLANG_WARN_UNREACHABLE_CODE = YES;
				CLANG_WARN__DUPLICATE_METHOD_MATCH = YES;
				COPY_PHASE_STRIP = NO;
				DEBUG_INFORMATION_FORMAT = "dwarf-with-dsym";
				ENABLE_NS_ASSERTIONS = NO;
				ENABLE_STRICT_OBJC_MSGSEND = YES;
				GCC_C_LANGUAGE_STANDARD = gnu11;
				GCC_NO_COMMON_BLOCKS = YES;
				GCC_WARN_64_TO_32_BIT_CONVERSION = YES;
				GCC_WARN_ABOUT_RETURN_TYPE = YES_ERROR;
				GCC_WARN_UNDECLARED_SELECTOR = YES;
				GCC_WARN_UNINITIALIZED_AUTOS = YES_AGGRESSIVE;
				GCC_WARN_UNUSED_FUNCTION = YES;
				GCC_WARN_UNUSED_VARIABLE = YES;
				IPHONEOS_DEPLOYMENT_TARGET = 15.2;
				MTL_ENABLE_DEBUG_INFO = NO;
				MTL_FAST_MATH = YES;
				SDKROOT = iphoneos;
				SWIFT_COMPILATION_MODE = wholemodule;
				SWIFT_OPTIMIZATION_LEVEL = "-O";
				VALIDATE_PRODUCT = YES;
			};
			name = Release;
		};
		718AF36428326EC5004BCD5A /* Debug */ = {
			isa = XCBuildConfiguration;
			buildSettings = {
				ASSETCATALOG_COMPILER_APPICON_NAME = AppIcon;
				ASSETCATALOG_COMPILER_GLOBAL_ACCENT_COLOR_NAME = AccentColor;
				CODE_SIGN_STYLE = Automatic;
				CURRENT_PROJECT_VERSION = 1;
				DEVELOPMENT_ASSET_PATHS = "\"Landmarks/Preview Content\"";
				ENABLE_PREVIEWS = YES;
				GENERATE_INFOPLIST_FILE = YES;
				INFOPLIST_KEY_UIApplicationSceneManifest_Generation = YES;
				INFOPLIST_KEY_UIApplicationSupportsIndirectInputEvents = YES;
				INFOPLIST_KEY_UILaunchScreen_Generation = YES;
				INFOPLIST_KEY_UISupportedInterfaceOrientations_iPad = "UIInterfaceOrientationPortrait UIInterfaceOrientationPortraitUpsideDown UIInterfaceOrientationLandscapeLeft UIInterfaceOrientationLandscapeRight";
				INFOPLIST_KEY_UISupportedInterfaceOrientations_iPhone = "UIInterfaceOrientationPortrait UIInterfaceOrientationLandscapeLeft UIInterfaceOrientationLandscapeRight";
				LD_RUNPATH_SEARCH_PATHS = (
					"$(inherited)",
					"@executable_path/Frameworks",
				);
				MARKETING_VERSION = 1.0;
				PRODUCT_BUNDLE_IDENTIFIER = com.rsc.Landmarks;
				PRODUCT_NAME = "$(TARGET_NAME)";
				SWIFT_EMIT_LOC_STRINGS = YES;
				SWIFT_VERSION = 5.0;
				TARGETED_DEVICE_FAMILY = "1,2";
			};
			name = Debug;
		};
		718AF36528326EC5004BCD5A /* Release */ = {
			isa = XCBuildConfiguration;
			buildSettings = {
				ASSETCATALOG_COMPILER_APPICON_NAME = AppIcon;
				ASSETCATALOG_COMPILER_GLOBAL_ACCENT_COLOR_NAME = AccentColor;
				CODE_SIGN_STYLE = Automatic;
				CURRENT_PROJECT_VERSION = 1;
				DEVELOPMENT_ASSET_PATHS = "\"Landmarks/Preview Content\"";
				ENABLE_PREVIEWS = YES;
				GENERATE_INFOPLIST_FILE = YES;
				INFOPLIST_KEY_UIApplicationSceneManifest_Generation = YES;
				INFOPLIST_KEY_UIApplicationSupportsIndirectInputEvents = YES;
				INFOPLIST_KEY_UILaunchScreen_Generation = YES;
				INFOPLIST_KEY_UISupportedInterfaceOrientations_iPad = "UIInterfaceOrientationPortrait UIInterfaceOrientationPortraitUpsideDown UIInterfaceOrientationLandscapeLeft UIInterfaceOrientationLandscapeRight";
				INFOPLIST_KEY_UISupportedInterfaceOrientations_iPhone = "UIInterfaceOrientationPortrait UIInterfaceOrientationLandscapeLeft UIInterfaceOrientationLandscapeRight";
				LD_RUNPATH_SEARCH_PATHS = (
					"$(inherited)",
					"@executable_path/Frameworks",
				);
				MARKETING_VERSION = 1.0;
				PRODUCT_BUNDLE_IDENTIFIER = com.rsc.Landmarks;
				PRODUCT_NAME = "$(TARGET_NAME)";
				SWIFT_EMIT_LOC_STRINGS = YES;
				SWIFT_VERSION = 5.0;
				TARGETED_DEVICE_FAMILY = "1,2";
			};
			name = Release;
		};
/* End XCBuildConfiguration section */

/* Begin XCConfigurationList section */
		718AF35028326EC4004BCD5A /* Build configuration list for PBXProject "Landmarks" */ = {
			isa = XCConfigurationList;
			buildConfigurations = (
				718AF36128326EC5004BCD5A /* Debug */,
				718AF36228326EC5004BCD5A /* Release */,
			);
			defaultConfigurationIsVisible = 0;
			defaultConfigurationName = Release;
		};
		718AF36328326EC5004BCD5A /* Build configuration list for PBXNativeTarget "Landmarks" */ = {
			isa = XCConfigurationList;
			buildConfigurations = (
				718AF36428326EC5004BCD5A /* Debug */,
				718AF36528326EC5004BCD5A /* Release */,
			);
			defaultConfigurationIsVisible = 0;
			defaultConfigurationName = Release;
		};
/* End XCConfigurationList section */
	};
	rootObject = 718AF34D28326EC4004BCD5A /* Project object */;
}
