// !$*UTF8*$!
{
	archiveVersion = 1;
	classes = {
	};
	objectVersion = 50;
	objects = {

/* Begin PBXBuildFile section */
		7115858126398DFA00460F89 /* PodcastPlayerStore.swift in Sources */ = {isa = PBXBuildFile; fileRef = 7115858026398DFA00460F89 /* PodcastPlayerStore.swift */; };
		71C14D4F2639859B0059CB6F /* DataflowApp.swift in Sources */ = {isa = PBXBuildFile; fileRef = 71C14D4E2639859B0059CB6F /* DataflowApp.swift */; };
		71C14D512639859B0059CB6F /* ContentView.swift in Sources */ = {isa = PBXBuildFile; fileRef = 71C14D502639859B0059CB6F /* ContentView.swift */; };
		71C14D532639859B0059CB6F /* Assets.xcassets in Resources */ = {isa = PBXBuildFile; fileRef = 71C14D522639859B0059CB6F /* Assets.xcassets */; };
		71C14D562639859B0059CB6F /* Preview Assets.xcassets in Resources */ = {isa = PBXBuildFile; fileRef = 71C14D552639859B0059CB6F /* Preview Assets.xcassets */; };
		71C14D612639860E0059CB6F /* PlayerView.swift in Sources */ = {isa = PBXBuildFile; fileRef = 71C14D602639860E0059CB6F /* PlayerView.swift */; };
/* End PBXBuildFile section */

/* Begin PBXFileReference section */
		7115858026398DFA00460F89 /* PodcastPlayerStore.swift */ = {isa = PBXFileReference; lastKnownFileType = sourcecode.swift; path = PodcastPlayerStore.swift; sourceTree = "<group>"; };
		71C14D4B2639859B0059CB6F /* Dataflow.app */ = {isa = PBXFileReference; explicitFileType = wrapper.application; includeInIndex = 0; path = Dataflow.app; sourceTree = BUILT_PRODUCTS_DIR; };
		71C14D4E2639859B0059CB6F /* DataflowApp.swift */ = {isa = PBXFileReference; lastKnownFileType = sourcecode.swift; path = DataflowApp.swift; sourceTree = "<group>"; };
		71C14D502639859B0059CB6F /* ContentView.swift */ = {isa = PBXFileReference; lastKnownFileType = sourcecode.swift; path = ContentView.swift; sourceTree = "<group>"; };
		71C14D522639859B0059CB6F /* Assets.xcassets */ = {isa = PBXFileReference; lastKnownFileType = folder.assetcatalog; path = Assets.xcassets; sourceTree = "<group>"; };
		71C14D552639859B0059CB6F /* Preview Assets.xcassets */ = {isa = PBXFileReference; lastKnownFileType = folder.assetcatalog; path = "Preview Assets.xcassets"; sourceTree = "<group>"; };
		71C14D572639859B0059CB6F /* Info.plist */ = {isa = PBXFileReference; lastKnownFileType = text.plist.xml; path = Info.plist; sourceTree = "<group>"; };
		71C14D602639860E0059CB6F /* PlayerView.swift */ = {isa = PBXFileReference; lastKnownFileType = sourcecode.swift; path = PlayerView.swift; sourceTree = "<group>"; };
/* End PBXFileReference section */

/* Begin PBXFrameworksBuildPhase section */
		71C14D482639859B0059CB6F /* Frameworks */ = {
			isa = PBXFrameworksBuildPhase;
			buildActionMask = 2147483647;
			files = (
			);
			runOnlyForDeploymentPostprocessing = 0;
		};
/* End PBXFrameworksBuildPhase section */

/* Begin PBXGroup section */
		71C14D422639859B0059CB6F = {
			isa = PBXGroup;
			children = (
				71C14D4D2639859B0059CB6F /* Dataflow */,
				71C14D4C2639859B0059CB6F /* Products */,
			);
			sourceTree = "<group>";
		};
		71C14D4C2639859B0059CB6F /* Products */ = {
			isa = PBXGroup;
			children = (
				71C14D4B2639859B0059CB6F /* Dataflow.app */,
			);
			name = Products;
			sourceTree = "<group>";
		};
		71C14D4D2639859B0059CB6F /* Dataflow */ = {
			isa = PBXGroup;
			children = (
				71C14D5E263985C20059CB6F /* Files */,
				71C14D502639859B0059CB6F /* ContentView.swift */,
				71C14D602639860E0059CB6F /* PlayerView.swift */,
				7115858026398DFA00460F89 /* PodcastPlayerStore.swift */,
			);
			path = Dataflow;
			sourceTree = "<group>";
		};
		71C14D542639859B0059CB6F /* Preview Content */ = {
			isa = PBXGroup;
			children = (
				71C14D552639859B0059CB6F /* Preview Assets.xcassets */,
			);
			path = "Preview Content";
			sourceTree = "<group>";
		};
		71C14D5E263985C20059CB6F /* Files */ = {
			isa = PBXGroup;
			children = (
				71C14D542639859B0059CB6F /* Preview Content */,
				71C14D572639859B0059CB6F /* Info.plist */,
				71C14D522639859B0059CB6F /* Assets.xcassets */,
				71C14D4E2639859B0059CB6F /* DataflowApp.swift */,
			);
			name = Files;
			sourceTree = "<group>";
		};
/* End PBXGroup section */

/* Begin PBXNativeTarget section */
		71C14D4A2639859B0059CB6F /* Dataflow */ = {
			isa = PBXNativeTarget;
			buildConfigurationList = 71C14D5A2639859B0059CB6F /* Build configuration list for PBXNativeTarget "Dataflow" */;
			buildPhases = (
				71C14D472639859B0059CB6F /* Sources */,
				71C14D482639859B0059CB6F /* Frameworks */,
				71C14D492639859B0059CB6F /* Resources */,
			);
			buildRules = (
			);
			dependencies = (
			);
			name = Dataflow;
			productName = Dataflow;
			productReference = 71C14D4B2639859B0059CB6F /* Dataflow.app */;
			productType = "com.apple.product-type.application";
		};
/* End PBXNativeTarget section */

/* Begin PBXProject section */
		71C14D432639859B0059CB6F /* Project object */ = {
			isa = PBXProject;
			attributes = {
				LastSwiftUpdateCheck = 1240;
				LastUpgradeCheck = 1240;
				TargetAttributes = {
					71C14D4A2639859B0059CB6F = {
						CreatedOnToolsVersion = 12.4;
					};
				};
			};
			buildConfigurationList = 71C14D462639859B0059CB6F /* Build configuration list for PBXProject "Dataflow" */;
			compatibilityVersion = "Xcode 9.3";
			developmentRegion = en;
			hasScannedForEncodings = 0;
			knownRegions = (
				en,
				Base,
			);
			mainGroup = 71C14D422639859B0059CB6F;
			productRefGroup = 71C14D4C2639859B0059CB6F /* Products */;
			projectDirPath = "";
			projectRoot = "";
			targets = (
				71C14D4A2639859B0059CB6F /* Dataflow */,
			);
		};
/* End PBXProject section */

/* Begin PBXResourcesBuildPhase section */
		71C14D492639859B0059CB6F /* Resources */ = {
			isa = PBXResourcesBuildPhase;
			buildActionMask = 2147483647;
			files = (
				71C14D562639859B0059CB6F /* Preview Assets.xcassets in Resources */,
				71C14D532639859B0059CB6F /* Assets.xcassets in Resources */,
			);
			runOnlyForDeploymentPostprocessing = 0;
		};
/* End PBXResourcesBuildPhase section */

/* Begin PBXSourcesBuildPhase section */
		71C14D472639859B0059CB6F /* Sources */ = {
			isa = PBXSourcesBuildPhase;
			buildActionMask = 2147483647;
			files = (
				71C14D612639860E0059CB6F /* PlayerView.swift in Sources */,
				71C14D512639859B0059CB6F /* ContentView.swift in Sources */,
				71C14D4F2639859B0059CB6F /* DataflowApp.swift in Sources */,
				7115858126398DFA00460F89 /* PodcastPlayerStore.swift in Sources */,
			);
			runOnlyForDeploymentPostprocessing = 0;
		};
/* End PBXSourcesBuildPhase section */

/* Begin XCBuildConfiguration section */
		71C14D582639859B0059CB6F /* Debug */ = {
			isa = XCBuildConfiguration;
			buildSettings = {
				ALWAYS_SEARCH_USER_PATHS = NO;
				CLANG_ANALYZER_NONNULL = YES;
				CLANG_ANALYZER_NUMBER_OBJECT_CONVERSION = YES_AGGRESSIVE;
				CLANG_CXX_LANGUAGE_STANDARD = "gnu++14";
				CLANG_CXX_LIBRARY = "libc++";
				CLANG_ENABLE_MODULES = YES;
				CLANG_ENABLE_OBJC_ARC = YES;
				CLANG_ENABLE_OBJC_WEAK = YES;
				CLANG_WARN_BLOCK_CAPTURE_AUTORELEASING = YES;
				CLANG_WARN_BOOL_CONVERSION = YES;
				CLANG_WARN_COMMA = YES;
				CLANG_WARN_CONSTANT_CONVERSION = YES;
				CLANG_WARN_DEPRECATED_OBJC_IMPLEMENTATIONS = YES;
				CLANG_WARN_DIRECT_OBJC_ISA_USAGE = YES_ERROR;
				CLANG_WARN_DOCUMENTATION_COMMENTS = YES;
				CLANG_WARN_EMPTY_BODY = YES;
				CLANG_WARN_ENUM_CONVERSION = YES;
				CLANG_WARN_INFINITE_RECURSION = YES;
				CLANG_WARN_INT_CONVERSION = YES;
				CLANG_WARN_NON_LITERAL_NULL_CONVERSION = YES;
				CLANG_WARN_OBJC_IMPLICIT_RETAIN_SELF = YES;
				CLANG_WARN_OBJC_LITERAL_CONVERSION = YES;
				CLANG_WARN_OBJC_ROOT_CLASS = YES_ERROR;
				CLANG_WARN_QUOTED_INCLUDE_IN_FRAMEWORK_HEADER = YES;
				CLANG_WARN_RANGE_LOOP_ANALYSIS = YES;
				CLANG_WARN_STRICT_PROTOTYPES = YES;
				CLANG_WARN_SUSPICIOUS_MOVE = YES;
				CLANG_WARN_UNGUARDED_AVAILABILITY = YES_AGGRESSIVE;
				CLANG_WARN_UNREACHABLE_CODE = YES;
				CLANG_WARN__DUPLICATE_METHOD_MATCH = YES;
				COPY_PHASE_STRIP = NO;
				DEBUG_INFORMATION_FORMAT = dwarf;
				ENABLE_STRICT_OBJC_MSGSEND = YES;
				ENABLE_TESTABILITY = YES;
				GCC_C_LANGUAGE_STANDARD = gnu11;
				GCC_DYNAMIC_NO_PIC = NO;
				GCC_NO_COMMON_BLOCKS = YES;
				GCC_OPTIMIZATION_LEVEL = 0;
				GCC_PREPROCESSOR_DEFINITIONS = (
					"DEBUG=1",
					"$(inherited)",
				);
				GCC_WARN_64_TO_32_BIT_CONVERSION = YES;
				GCC_WARN_ABOUT_RETURN_TYPE = YES_ERROR;
				GCC_WARN_UNDECLARED_SELECTOR = YES;
				GCC_WARN_UNINITIALIZED_AUTOS = YES_AGGRESSIVE;
				GCC_WARN_UNUSED_FUNCTION = YES;
				GCC_WARN_UNUSED_VARIABLE = YES;
				IPHONEOS_DEPLOYMENT_TARGET = 14.4;
				MTL_ENABLE_DEBUG_INFO = INCLUDE_SOURCE;
				MTL_FAST_MATH = YES;
				ONLY_ACTIVE_ARCH = YES;
				SDKROOT = iphoneos;
				SWIFT_ACTIVE_COMPILATION_CONDITIONS = DEBUG;
				SWIFT_OPTIMIZATION_LEVEL = "-Onone";
			};
			name = Debug;
		};
		71C14D592639859B0059CB6F /* Release */ = {
			isa = XCBuildConfiguration;
			buildSettings = {
				ALWAYS_SEARCH_USER_PATHS = NO;
				CLANG_ANALYZER_NONNULL = YES;
				CLANG_ANALYZER_NUMBER_OBJECT_CONVERSION = YES_AGGRESSIVE;
				CLANG_CXX_LANGUAGE_STANDARD = "gnu++14";
				CLANG_CXX_LIBRARY = "libc++";
				CLANG_ENABLE_MODULES = YES;
				CLANG_ENABLE_OBJC_ARC = YES;
				CLANG_ENABLE_OBJC_WEAK = YES;
				CLANG_WARN_BLOCK_CAPTURE_AUTORELEASING = YES;
				CLANG_WARN_BOOL_CONVERSION = YES;
				CLANG_WARN_COMMA = YES;
				CLANG_WARN_CONSTANT_CONVERSION = YES;
				CLANG_WARN_DEPRECATED_OBJC_IMPLEMENTATIONS = YES;
				CLANG_WARN_DIRECT_OBJC_ISA_USAGE = YES_ERROR;
				CLANG_WARN_DOCUMENTATION_COMMENTS = YES;
				CLANG_WARN_EMPTY_BODY = YES;
				CLANG_WARN_ENUM_CONVERSION = YES;
				CLANG_WARN_INFINITE_RECURSION = YES;
				CLANG_WARN_INT_CONVERSION = YES;
				CLANG_WARN_NON_LITERAL_NULL_CONVERSION = YES;
				CLANG_WARN_OBJC_IMPLICIT_RETAIN_SELF = YES;
				CLANG_WARN_OBJC_LITERAL_CONVERSION = YES;
				CLANG_WARN_OBJC_ROOT_CLASS = YES_ERROR;
				CLANG_WARN_QUOTED_INCLUDE_IN_FRAMEWORK_HEADER = YES;
				CLANG_WARN_RANGE_LOOP_ANALYSIS = YES;
				CLANG_WARN_STRICT_PROTOTYPES = YES;
				CLANG_WARN_SUSPICIOUS_MOVE = YES;
				CLANG_WARN_UNGUARDED_AVAILABILITY = YES_AGGRESSIVE;
				CLANG_WARN_UNREACHABLE_CODE = YES;
				CLANG_WARN__DUPLICATE_METHOD_MATCH = YES;
				COPY_PHASE_STRIP = NO;
				DEBUG_INFORMATION_FORMAT = "dwarf-with-dsym";
				ENABLE_NS_ASSERTIONS = NO;
				ENABLE_STRICT_OBJC_MSGSEND = YES;
				GCC_C_LANGUAGE_STANDARD = gnu11;
				GCC_NO_COMMON_BLOCKS = YES;
				GCC_WARN_64_TO_32_BIT_CONVERSION = YES;
				GCC_WARN_ABOUT_RETURN_TYPE = YES_ERROR;
				GCC_WARN_UNDECLARED_SELECTOR = YES;
				GCC_WARN_UNINITIALIZED_AUTOS = YES_AGGRESSIVE;
				GCC_WARN_UNUSED_FUNCTION = YES;
				GCC_WARN_UNUSED_VARIABLE = YES;
				IPHONEOS_DEPLOYMENT_TARGET = 14.4;
				MTL_ENABLE_DEBUG_INFO = NO;
				MTL_FAST_MATH = YES;
				SDKROOT = iphoneos;
				SWIFT_COMPILATION_MODE = wholemodule;
				SWIFT_OPTIMIZATION_LEVEL = "-O";
				VALIDATE_PRODUCT = YES;
			};
			name = Release;
		};
		71C14D5B2639859B0059CB6F /* Debug */ = {
			isa = XCBuildConfiguration;
			buildSettings = {
				ASSETCATALOG_COMPILER_APPICON_NAME = AppIcon;
				ASSETCATALOG_COMPILER_GLOBAL_ACCENT_COLOR_NAME = AccentColor;
				CODE_SIGN_STYLE = Automatic;
				DEVELOPMENT_ASSET_PATHS = "\"Dataflow/Preview Content\"";
				ENABLE_PREVIEWS = YES;
				INFOPLIST_FILE = Dataflow/Info.plist;
				IPHONEOS_DEPLOYMENT_TARGET = 14.0;
				LD_RUNPATH_SEARCH_PATHS = (
					"$(inherited)",
					"@executable_path/Frameworks",
				);
				PRODUCT_BUNDLE_IDENTIFIER = com.rsc.Dataflow;
				PRODUCT_NAME = "$(TARGET_NAME)";
				SWIFT_VERSION = 5.0;
				TARGETED_DEVICE_FAMILY = "1,2";
			};
			name = Debug;
		};
		71C14D5C2639859B0059CB6F /* Release */ = {
			isa = XCBuildConfiguration;
			buildSettings = {
				ASSETCATALOG_COMPILER_APPICON_NAME = AppIcon;
				ASSETCATALOG_COMPILER_GLOBAL_ACCENT_COLOR_NAME = AccentColor;
				CODE_SIGN_STYLE = Automatic;
				DEVELOPMENT_ASSET_PATHS = "\"Dataflow/Preview Content\"";
				ENABLE_PREVIEWS = YES;
				INFOPLIST_FILE = Dataflow/Info.plist;
				IPHONEOS_DEPLOYMENT_TARGET = 14.0;
				LD_RUNPATH_SEARCH_PATHS = (
					"$(inherited)",
					"@executable_path/Frameworks",
				);
				PRODUCT_BUNDLE_IDENTIFIER = com.rsc.Dataflow;
				PRODUCT_NAME = "$(TARGET_NAME)";
				SWIFT_VERSION = 5.0;
				TARGETED_DEVICE_FAMILY = "1,2";
			};
			name = Release;
		};
/* End XCBuildConfiguration section */

/* Begin XCConfigurationList section */
		71C14D462639859B0059CB6F /* Build configuration list for PBXProject "Dataflow" */ = {
			isa = XCConfigurationList;
			buildConfigurations = (
				71C14D582639859B0059CB6F /* Debug */,
				71C14D592639859B0059CB6F /* Release */,
			);
			defaultConfigurationIsVisible = 0;
			defaultConfigurationName = Release;
		};
		71C14D5A2639859B0059CB6F /* Build configuration list for PBXNativeTarget "Dataflow" */ = {
			isa = XCConfigurationList;
			buildConfigurations = (
				71C14D5B2639859B0059CB6F /* Debug */,
				71C14D5C2639859B0059CB6F /* Release */,
			);
			defaultConfigurationIsVisible = 0;
			defaultConfigurationName = Release;
		};
/* End XCConfigurationList section */
	};
	rootObject = 71C14D432639859B0059CB6F /* Project object */;
}
