// !$*UTF8*$!
{
	archiveVersion = 1;
	classes = {
	};
	objectVersion = 55;
	objects = {

/* Begin PBXBuildFile section */
		71496A602697B46A00F0715E /* HelloCoreDataMVVMApp.swift in Sources */ = {isa = PBXBuildFile; fileRef = 71496A5F2697B46A00F0715E /* HelloCoreDataMVVMApp.swift */; };
		71496A622697B46A00F0715E /* ContentView.swift in Sources */ = {isa = PBXBuildFile; fileRef = 71496A612697B46A00F0715E /* ContentView.swift */; };
		71496A642697B46C00F0715E /* Assets.xcassets in Resources */ = {isa = PBXBuildFile; fileRef = 71496A632697B46C00F0715E /* Assets.xcassets */; };
		71496A672697B46C00F0715E /* Preview Assets.xcassets in Resources */ = {isa = PBXBuildFile; fileRef = 71496A662697B46C00F0715E /* Preview Assets.xcassets */; };
		71496A6E2697B49800F0715E /* CoreDataManager.swift in Sources */ = {isa = PBXBuildFile; fileRef = 71496A6D2697B49800F0715E /* CoreDataManager.swift */; };
		71496A712697B4F300F0715E /* TodoAppModel.xcdatamodeld in Sources */ = {isa = PBXBuildFile; fileRef = 71496A6F2697B4F300F0715E /* TodoAppModel.xcdatamodeld */; };
		71496A752697B5EE00F0715E /* TaskListViewModel.swift in Sources */ = {isa = PBXBuildFile; fileRef = 71496A742697B5EE00F0715E /* TaskListViewModel.swift */; };
/* End PBXBuildFile section */

/* Begin PBXFileReference section */
		71496A5C2697B46A00F0715E /* HelloCoreDataMVVM.app */ = {isa = PBXFileReference; explicitFileType = wrapper.application; includeInIndex = 0; path = HelloCoreDataMVVM.app; sourceTree = BUILT_PRODUCTS_DIR; };
		71496A5F2697B46A00F0715E /* HelloCoreDataMVVMApp.swift */ = {isa = PBXFileReference; lastKnownFileType = sourcecode.swift; path = HelloCoreDataMVVMApp.swift; sourceTree = "<group>"; };
		71496A612697B46A00F0715E /* ContentView.swift */ = {isa = PBXFileReference; lastKnownFileType = sourcecode.swift; path = ContentView.swift; sourceTree = "<group>"; };
		71496A632697B46C00F0715E /* Assets.xcassets */ = {isa = PBXFileReference; lastKnownFileType = folder.assetcatalog; path = Assets.xcassets; sourceTree = "<group>"; };
		71496A662697B46C00F0715E /* Preview Assets.xcassets */ = {isa = PBXFileReference; lastKnownFileType = folder.assetcatalog; path = "Preview Assets.xcassets"; sourceTree = "<group>"; };
		71496A6D2697B49800F0715E /* CoreDataManager.swift */ = {isa = PBXFileReference; lastKnownFileType = sourcecode.swift; path = CoreDataManager.swift; sourceTree = "<group>"; };
		71496A702697B4F300F0715E /* TodoAppModel.xcdatamodel */ = {isa = PBXFileReference; lastKnownFileType = wrapper.xcdatamodel; path = TodoAppModel.xcdatamodel; sourceTree = "<group>"; };
		71496A742697B5EE00F0715E /* TaskListViewModel.swift */ = {isa = PBXFileReference; lastKnownFileType = sourcecode.swift; path = TaskListViewModel.swift; sourceTree = "<group>"; };
/* End PBXFileReference section */

/* Begin PBXFrameworksBuildPhase section */
		71496A592697B46A00F0715E /* Frameworks */ = {
			isa = PBXFrameworksBuildPhase;
			buildActionMask = 2147483647;
			files = (
			);
			runOnlyForDeploymentPostprocessing = 0;
		};
/* End PBXFrameworksBuildPhase section */

/* Begin PBXGroup section */
		71496A532697B46A00F0715E = {
			isa = PBXGroup;
			children = (
				71496A5E2697B46A00F0715E /* HelloCoreDataMVVM */,
				71496A722697B5B900F0715E /* Files */,
				71496A5D2697B46A00F0715E /* Products */,
			);
			sourceTree = "<group>";
		};
		71496A5D2697B46A00F0715E /* Products */ = {
			isa = PBXGroup;
			children = (
				71496A5C2697B46A00F0715E /* HelloCoreDataMVVM.app */,
			);
			name = Products;
			sourceTree = "<group>";
		};
		71496A5E2697B46A00F0715E /* HelloCoreDataMVVM */ = {
			isa = PBXGroup;
			children = (
				71496A5F2697B46A00F0715E /* HelloCoreDataMVVMApp.swift */,
				71496A732697B5D100F0715E /* View Models */,
				71496A612697B46A00F0715E /* ContentView.swift */,
				71496A6D2697B49800F0715E /* CoreDataManager.swift */,
				71496A6F2697B4F300F0715E /* TodoAppModel.xcdatamodeld */,
			);
			path = HelloCoreDataMVVM;
			sourceTree = "<group>";
		};
		71496A652697B46C00F0715E /* Preview Content */ = {
			isa = PBXGroup;
			children = (
				71496A662697B46C00F0715E /* Preview Assets.xcassets */,
			);
			path = "Preview Content";
			sourceTree = "<group>";
		};
		71496A722697B5B900F0715E /* Files */ = {
			isa = PBXGroup;
			children = (
				71496A632697B46C00F0715E /* Assets.xcassets */,
				71496A652697B46C00F0715E /* Preview Content */,
			);
			name = Files;
			path = HelloCoreDataMVVM;
			sourceTree = "<group>";
		};
		71496A732697B5D100F0715E /* View Models */ = {
			isa = PBXGroup;
			children = (
				71496A742697B5EE00F0715E /* TaskListViewModel.swift */,
			);
			path = "View Models";
			sourceTree = "<group>";
		};
/* End PBXGroup section */

/* Begin PBXNativeTarget section */
		71496A5B2697B46A00F0715E /* HelloCoreDataMVVM */ = {
			isa = PBXNativeTarget;
			buildConfigurationList = 71496A6A2697B46C00F0715E /* Build configuration list for PBXNativeTarget "HelloCoreDataMVVM" */;
			buildPhases = (
				71496A582697B46A00F0715E /* Sources */,
				71496A592697B46A00F0715E /* Frameworks */,
				71496A5A2697B46A00F0715E /* Resources */,
			);
			buildRules = (
			);
			dependencies = (
			);
			name = HelloCoreDataMVVM;
			productName = HelloCoreDataMVVM;
			productReference = 71496A5C2697B46A00F0715E /* HelloCoreDataMVVM.app */;
			productType = "com.apple.product-type.application";
		};
/* End PBXNativeTarget section */

/* Begin PBXProject section */
		71496A542697B46A00F0715E /* Project object */ = {
			isa = PBXProject;
			attributes = {
				BuildIndependentTargetsInParallel = 1;
				LastSwiftUpdateCheck = 1300;
				LastUpgradeCheck = 1300;
				TargetAttributes = {
					71496A5B2697B46A00F0715E = {
						CreatedOnToolsVersion = 13.0;
					};
				};
			};
			buildConfigurationList = 71496A572697B46A00F0715E /* Build configuration list for PBXProject "HelloCoreDataMVVM" */;
			compatibilityVersion = "Xcode 13.0";
			developmentRegion = en;
			hasScannedForEncodings = 0;
			knownRegions = (
				en,
				Base,
			);
			mainGroup = 71496A532697B46A00F0715E;
			productRefGroup = 71496A5D2697B46A00F0715E /* Products */;
			projectDirPath = "";
			projectRoot = "";
			targets = (
				71496A5B2697B46A00F0715E /* HelloCoreDataMVVM */,
			);
		};
/* End PBXProject section */

/* Begin PBXResourcesBuildPhase section */
		71496A5A2697B46A00F0715E /* Resources */ = {
			isa = PBXResourcesBuildPhase;
			buildActionMask = 2147483647;
			files = (
				71496A672697B46C00F0715E /* Preview Assets.xcassets in Resources */,
				71496A642697B46C00F0715E /* Assets.xcassets in Resources */,
			);
			runOnlyForDeploymentPostprocessing = 0;
		};
/* End PBXResourcesBuildPhase section */

/* Begin PBXSourcesBuildPhase section */
		71496A582697B46A00F0715E /* Sources */ = {
			isa = PBXSourcesBuildPhase;
			buildActionMask = 2147483647;
			files = (
				71496A6E2697B49800F0715E /* CoreDataManager.swift in Sources */,
				71496A712697B4F300F0715E /* TodoAppModel.xcdatamodeld in Sources */,
				71496A752697B5EE00F0715E /* TaskListViewModel.swift in Sources */,
				71496A622697B46A00F0715E /* ContentView.swift in Sources */,
				71496A602697B46A00F0715E /* HelloCoreDataMVVMApp.swift in Sources */,
			);
			runOnlyForDeploymentPostprocessing = 0;
		};
/* End PBXSourcesBuildPhase section */

/* Begin XCBuildConfiguration section */
		71496A682697B46C00F0715E /* Debug */ = {
			isa = XCBuildConfiguration;
			buildSettings = {
				ALWAYS_SEARCH_USER_PATHS = NO;
				CLANG_ANALYZER_NONNULL = YES;
				CLANG_ANALYZER_NUMBER_OBJECT_CONVERSION = YES_AGGRESSIVE;
				CLANG_CXX_LANGUAGE_STANDARD = "gnu++14";
				CLANG_CXX_LIBRARY = "libc++";
				CLANG_ENABLE_MODULES = YES;
				CLANG_ENABLE_OBJC_ARC = YES;
				CLANG_ENABLE_OBJC_WEAK = YES;
				CLANG_WARN_BLOCK_CAPTURE_AUTORELEASING = YES;
				CLANG_WARN_BOOL_CONVERSION = YES;
				CLANG_WARN_COMMA = YES;
				CLANG_WARN_CONSTANT_CONVERSION = YES;
				CLANG_WARN_DEPRECATED_OBJC_IMPLEMENTATIONS = YES;
				CLANG_WARN_DIRECT_OBJC_ISA_USAGE = YES_ERROR;
				CLANG_WARN_DOCUMENTATION_COMMENTS = YES;
				CLANG_WARN_EMPTY_BODY = YES;
				CLANG_WARN_ENUM_CONVERSION = YES;
				CLANG_WARN_INFINITE_RECURSION = YES;
				CLANG_WARN_INT_CONVERSION = YES;
				CLANG_WARN_NON_LITERAL_NULL_CONVERSION = YES;
				CLANG_WARN_OBJC_IMPLICIT_RETAIN_SELF = YES;
				CLANG_WARN_OBJC_LITERAL_CONVERSION = YES;
				CLANG_WARN_OBJC_ROOT_CLASS = YES_ERROR;
				CLANG_WARN_QUOTED_INCLUDE_IN_FRAMEWORK_HEADER = YES;
				CLANG_WARN_RANGE_LOOP_ANALYSIS = YES;
				CLANG_WARN_STRICT_PROTOTYPES = YES;
				CLANG_WARN_SUSPICIOUS_MOVE = YES;
				CLANG_WARN_UNGUARDED_AVAILABILITY = YES_AGGRESSIVE;
				CLANG_WARN_UNREACHABLE_CODE = YES;
				CLANG_WARN__DUPLICATE_METHOD_MATCH = YES;
				COPY_PHASE_STRIP = NO;
				DEBUG_INFORMATION_FORMAT = dwarf;
				ENABLE_STRICT_OBJC_MSGSEND = YES;
				ENABLE_TESTABILITY = YES;
				GCC_C_LANGUAGE_STANDARD = gnu11;
				GCC_DYNAMIC_NO_PIC = NO;
				GCC_NO_COMMON_BLOCKS = YES;
				GCC_OPTIMIZATION_LEVEL = 0;
				GCC_PREPROCESSOR_DEFINITIONS = (
					"DEBUG=1",
					"$(inherited)",
				);
				GCC_WARN_64_TO_32_BIT_CONVERSION = YES;
				GCC_WARN_ABOUT_RETURN_TYPE = YES_ERROR;
				GCC_WARN_UNDECLARED_SELECTOR = YES;
				GCC_WARN_UNINITIALIZED_AUTOS = YES_AGGRESSIVE;
				GCC_WARN_UNUSED_FUNCTION = YES;
				GCC_WARN_UNUSED_VARIABLE = YES;
				IPHONEOS_DEPLOYMENT_TARGET = 15.0;
				MTL_ENABLE_DEBUG_INFO = INCLUDE_SOURCE;
				MTL_FAST_MATH = YES;
				ONLY_ACTIVE_ARCH = YES;
				SDKROOT = iphoneos;
				SWIFT_ACTIVE_COMPILATION_CONDITIONS = DEBUG;
				SWIFT_OPTIMIZATION_LEVEL = "-Onone";
			};
			name = Debug;
		};
		71496A692697B46C00F0715E /* Release */ = {
			isa = XCBuildConfiguration;
			buildSettings = {
				ALWAYS_SEARCH_USER_PATHS = NO;
				CLANG_ANALYZER_NONNULL = YES;
				CLANG_ANALYZER_NUMBER_OBJECT_CONVERSION = YES_AGGRESSIVE;
				CLANG_CXX_LANGUAGE_STANDARD = "gnu++14";
				CLANG_CXX_LIBRARY = "libc++";
				CLANG_ENABLE_MODULES = YES;
				CLANG_ENABLE_OBJC_ARC = YES;
				CLANG_ENABLE_OBJC_WEAK = YES;
				CLANG_WARN_BLOCK_CAPTURE_AUTORELEASING = YES;
				CLANG_WARN_BOOL_CONVERSION = YES;
				CLANG_WARN_COMMA = YES;
				CLANG_WARN_CONSTANT_CONVERSION = YES;
				CLANG_WARN_DEPRECATED_OBJC_IMPLEMENTATIONS = YES;
				CLANG_WARN_DIRECT_OBJC_ISA_USAGE = YES_ERROR;
				CLANG_WARN_DOCUMENTATION_COMMENTS = YES;
				CLANG_WARN_EMPTY_BODY = YES;
				CLANG_WARN_ENUM_CONVERSION = YES;
				CLANG_WARN_INFINITE_RECURSION = YES;
				CLANG_WARN_INT_CONVERSION = YES;
				CLANG_WARN_NON_LITERAL_NULL_CONVERSION = YES;
				CLANG_WARN_OBJC_IMPLICIT_RETAIN_SELF = YES;
				CLANG_WARN_OBJC_LITERAL_CONVERSION = YES;
				CLANG_WARN_OBJC_ROOT_CLASS = YES_ERROR;
				CLANG_WARN_QUOTED_INCLUDE_IN_FRAMEWORK_HEADER = YES;
				CLANG_WARN_RANGE_LOOP_ANALYSIS = YES;
				CLANG_WARN_STRICT_PROTOTYPES = YES;
				CLANG_WARN_SUSPICIOUS_MOVE = YES;
				CLANG_WARN_UNGUARDED_AVAILABILITY = YES_AGGRESSIVE;
				CLANG_WARN_UNREACHABLE_CODE = YES;
				CLANG_WARN__DUPLICATE_METHOD_MATCH = YES;
				COPY_PHASE_STRIP = NO;
				DEBUG_INFORMATION_FORMAT = "dwarf-with-dsym";
				ENABLE_NS_ASSERTIONS = NO;
				ENABLE_STRICT_OBJC_MSGSEND = YES;
				GCC_C_LANGUAGE_STANDARD = gnu11;
				GCC_NO_COMMON_BLOCKS = YES;
				GCC_WARN_64_TO_32_BIT_CONVERSION = YES;
				GCC_WARN_ABOUT_RETURN_TYPE = YES_ERROR;
				GCC_WARN_UNDECLARED_SELECTOR = YES;
				GCC_WARN_UNINITIALIZED_AUTOS = YES_AGGRESSIVE;
				GCC_WARN_UNUSED_FUNCTION = YES;
				GCC_WARN_UNUSED_VARIABLE = YES;
				IPHONEOS_DEPLOYMENT_TARGET = 15.0;
				MTL_ENABLE_DEBUG_INFO = NO;
				MTL_FAST_MATH = YES;
				SDKROOT = iphoneos;
				SWIFT_COMPILATION_MODE = wholemodule;
				SWIFT_OPTIMIZATION_LEVEL = "-O";
				VALIDATE_PRODUCT = YES;
			};
			name = Release;
		};
		71496A6B2697B46C00F0715E /* Debug */ = {
			isa = XCBuildConfiguration;
			buildSettings = {
				ASSETCATALOG_COMPILER_APPICON_NAME = AppIcon;
				ASSETCATALOG_COMPILER_GLOBAL_ACCENT_COLOR_NAME = AccentColor;
				CODE_SIGN_STYLE = Automatic;
				CURRENT_PROJECT_VERSION = 1;
				DEVELOPMENT_ASSET_PATHS = "\"HelloCoreDataMVVM/Preview Content\"";
				ENABLE_PREVIEWS = YES;
				GENERATE_INFOPLIST_FILE = YES;
				INFOPLIST_KEY_UIApplicationSceneManifest_Generation = YES;
				INFOPLIST_KEY_UIApplicationSupportsIndirectInputEvents = YES;
				INFOPLIST_KEY_UILaunchScreen_Generation = YES;
				INFOPLIST_KEY_UISupportedInterfaceOrientations_iPad = "UIInterfaceOrientationPortrait UIInterfaceOrientationPortraitUpsideDown UIInterfaceOrientationLandscapeLeft UIInterfaceOrientationLandscapeRight";
				INFOPLIST_KEY_UISupportedInterfaceOrientations_iPhone = "UIInterfaceOrientationPortrait UIInterfaceOrientationLandscapeLeft UIInterfaceOrientationLandscapeRight";
				IPHONEOS_DEPLOYMENT_TARGET = 15.0;
				LD_RUNPATH_SEARCH_PATHS = (
					"$(inherited)",
					"@executable_path/Frameworks",
				);
				MARKETING_VERSION = 1.0;
				PRODUCT_BUNDLE_IDENTIFIER = com.rsc.HelloCoreDataMVVM;
				PRODUCT_NAME = "$(TARGET_NAME)";
				SWIFT_EMIT_LOC_STRINGS = YES;
				SWIFT_VERSION = 5.0;
				TARGETED_DEVICE_FAMILY = "1,2";
			};
			name = Debug;
		};
		71496A6C2697B46C00F0715E /* Release */ = {
			isa = XCBuildConfiguration;
			buildSettings = {
				ASSETCATALOG_COMPILER_APPICON_NAME = AppIcon;
				ASSETCATALOG_COMPILER_GLOBAL_ACCENT_COLOR_NAME = AccentColor;
				CODE_SIGN_STYLE = Automatic;
				CURRENT_PROJECT_VERSION = 1;
				DEVELOPMENT_ASSET_PATHS = "\"HelloCoreDataMVVM/Preview Content\"";
				ENABLE_PREVIEWS = YES;
				GENERATE_INFOPLIST_FILE = YES;
				INFOPLIST_KEY_UIApplicationSceneManifest_Generation = YES;
				INFOPLIST_KEY_UIApplicationSupportsIndirectInputEvents = YES;
				INFOPLIST_KEY_UILaunchScreen_Generation = YES;
				INFOPLIST_KEY_UISupportedInterfaceOrientations_iPad = "UIInterfaceOrientationPortrait UIInterfaceOrientationPortraitUpsideDown UIInterfaceOrientationLandscapeLeft UIInterfaceOrientationLandscapeRight";
				INFOPLIST_KEY_UISupportedInterfaceOrientations_iPhone = "UIInterfaceOrientationPortrait UIInterfaceOrientationLandscapeLeft UIInterfaceOrientationLandscapeRight";
				IPHONEOS_DEPLOYMENT_TARGET = 15.0;
				LD_RUNPATH_SEARCH_PATHS = (
					"$(inherited)",
					"@executable_path/Frameworks",
				);
				MARKETING_VERSION = 1.0;
				PRODUCT_BUNDLE_IDENTIFIER = com.rsc.HelloCoreDataMVVM;
				PRODUCT_NAME = "$(TARGET_NAME)";
				SWIFT_EMIT_LOC_STRINGS = YES;
				SWIFT_VERSION = 5.0;
				TARGETED_DEVICE_FAMILY = "1,2";
			};
			name = Release;
		};
/* End XCBuildConfiguration section */

/* Begin XCConfigurationList section */
		71496A572697B46A00F0715E /* Build configuration list for PBXProject "HelloCoreDataMVVM" */ = {
			isa = XCConfigurationList;
			buildConfigurations = (
				71496A682697B46C00F0715E /* Debug */,
				71496A692697B46C00F0715E /* Release */,
			);
			defaultConfigurationIsVisible = 0;
			defaultConfigurationName = Release;
		};
		71496A6A2697B46C00F0715E /* Build configuration list for PBXNativeTarget "HelloCoreDataMVVM" */ = {
			isa = XCConfigurationList;
			buildConfigurations = (
				71496A6B2697B46C00F0715E /* Debug */,
				71496A6C2697B46C00F0715E /* Release */,
			);
			defaultConfigurationIsVisible = 0;
			defaultConfigurationName = Release;
		};
/* End XCConfigurationList section */

/* Begin XCVersionGroup section */
		71496A6F2697B4F300F0715E /* TodoAppModel.xcdatamodeld */ = {
			isa = XCVersionGroup;
			children = (
				71496A702697B4F300F0715E /* TodoAppModel.xcdatamodel */,
			);
			currentVersion = 71496A702697B4F300F0715E /* TodoAppModel.xcdatamodel */;
			path = TodoAppModel.xcdatamodeld;
			sourceTree = "<group>";
			versionGroupType = wrapper.xcdatamodel;
		};
/* End XCVersionGroup section */
	};
	rootObject = 71496A542697B46A00F0715E /* Project object */;
}
