// !$*UTF8*$!
{
	archiveVersion = 1;
	classes = {
	};
	objectVersion = 50;
	objects = {

/* Begin PBXBuildFile section */
		710CC7AA26346D05003D5B72 /* AppDelegate.swift in Sources */ = {isa = PBXBuildFile; fileRef = 710CC7A926346D05003D5B72 /* AppDelegate.swift */; };
		710CC7AC26346D05003D5B72 /* SceneDelegate.swift in Sources */ = {isa = PBXBuildFile; fileRef = 710CC7AB26346D05003D5B72 /* SceneDelegate.swift */; };
		710CC7AE26346D05003D5B72 /* ContentView.swift in Sources */ = {isa = PBXBuildFile; fileRef = 710CC7AD26346D05003D5B72 /* ContentView.swift */; };
		710CC7B026346D06003D5B72 /* Assets.xcassets in Resources */ = {isa = PBXBuildFile; fileRef = 710CC7AF26346D06003D5B72 /* Assets.xcassets */; };
		710CC7B326346D06003D5B72 /* Preview Assets.xcassets in Resources */ = {isa = PBXBuildFile; fileRef = 710CC7B226346D06003D5B72 /* Preview Assets.xcassets */; };
		710CC7B626346D06003D5B72 /* LaunchScreen.storyboard in Resources */ = {isa = PBXBuildFile; fileRef = 710CC7B426346D06003D5B72 /* LaunchScreen.storyboard */; };
		710CC7C126347832003D5B72 /* Room.swift in Sources */ = {isa = PBXBuildFile; fileRef = 710CC7C026347832003D5B72 /* Room.swift */; };
		710CC7C52634823B003D5B72 /* RoomDetail.swift in Sources */ = {isa = PBXBuildFile; fileRef = 710CC7C42634823B003D5B72 /* RoomDetail.swift */; };
		710CC7C826359B8C003D5B72 /* RoomStore.swift in Sources */ = {isa = PBXBuildFile; fileRef = 710CC7C726359B8C003D5B72 /* RoomStore.swift */; };
/* End PBXBuildFile section */

/* Begin PBXFileReference section */
		710CC7A626346D05003D5B72 /* Rooms.app */ = {isa = PBXFileReference; explicitFileType = wrapper.application; includeInIndex = 0; path = Rooms.app; sourceTree = BUILT_PRODUCTS_DIR; };
		710CC7A926346D05003D5B72 /* AppDelegate.swift */ = {isa = PBXFileReference; lastKnownFileType = sourcecode.swift; path = AppDelegate.swift; sourceTree = "<group>"; };
		710CC7AB26346D05003D5B72 /* SceneDelegate.swift */ = {isa = PBXFileReference; lastKnownFileType = sourcecode.swift; path = SceneDelegate.swift; sourceTree = "<group>"; };
		710CC7AD26346D05003D5B72 /* ContentView.swift */ = {isa = PBXFileReference; lastKnownFileType = sourcecode.swift; path = ContentView.swift; sourceTree = "<group>"; };
		710CC7AF26346D06003D5B72 /* Assets.xcassets */ = {isa = PBXFileReference; lastKnownFileType = folder.assetcatalog; path = Assets.xcassets; sourceTree = "<group>"; };
		710CC7B226346D06003D5B72 /* Preview Assets.xcassets */ = {isa = PBXFileReference; lastKnownFileType = folder.assetcatalog; path = "Preview Assets.xcassets"; sourceTree = "<group>"; };
		710CC7B526346D06003D5B72 /* Base */ = {isa = PBXFileReference; lastKnownFileType = file.storyboard; name = Base; path = Base.lproj/LaunchScreen.storyboard; sourceTree = "<group>"; };
		710CC7B726346D06003D5B72 /* Info.plist */ = {isa = PBXFileReference; lastKnownFileType = text.plist.xml; path = Info.plist; sourceTree = "<group>"; };
		710CC7C026347832003D5B72 /* Room.swift */ = {isa = PBXFileReference; lastKnownFileType = sourcecode.swift; path = Room.swift; sourceTree = "<group>"; };
		710CC7C42634823B003D5B72 /* RoomDetail.swift */ = {isa = PBXFileReference; lastKnownFileType = sourcecode.swift; path = RoomDetail.swift; sourceTree = "<group>"; };
		710CC7C726359B8C003D5B72 /* RoomStore.swift */ = {isa = PBXFileReference; lastKnownFileType = sourcecode.swift; path = RoomStore.swift; sourceTree = "<group>"; };
/* End PBXFileReference section */

/* Begin PBXFrameworksBuildPhase section */
		710CC7A326346D05003D5B72 /* Frameworks */ = {
			isa = PBXFrameworksBuildPhase;
			buildActionMask = 2147483647;
			files = (
			);
			runOnlyForDeploymentPostprocessing = 0;
		};
/* End PBXFrameworksBuildPhase section */

/* Begin PBXGroup section */
		710CC79D26346D05003D5B72 = {
			isa = PBXGroup;
			children = (
				710CC7A826346D05003D5B72 /* Rooms */,
				710CC7A726346D05003D5B72 /* Products */,
			);
			sourceTree = "<group>";
		};
		710CC7A726346D05003D5B72 /* Products */ = {
			isa = PBXGroup;
			children = (
				710CC7A626346D05003D5B72 /* Rooms.app */,
			);
			name = Products;
			sourceTree = "<group>";
		};
		710CC7A826346D05003D5B72 /* Rooms */ = {
			isa = PBXGroup;
			children = (
				710CC7B126346D06003D5B72 /* Preview Content */,
				710CC7BE2634735D003D5B72 /* Files */,
				710CC7AD26346D05003D5B72 /* ContentView.swift */,
				710CC7C42634823B003D5B72 /* RoomDetail.swift */,
				710CC7C026347832003D5B72 /* Room.swift */,
				710CC7C726359B8C003D5B72 /* RoomStore.swift */,
			);
			path = Rooms;
			sourceTree = "<group>";
		};
		710CC7B126346D06003D5B72 /* Preview Content */ = {
			isa = PBXGroup;
			children = (
				710CC7B226346D06003D5B72 /* Preview Assets.xcassets */,
			);
			path = "Preview Content";
			sourceTree = "<group>";
		};
		710CC7BE2634735D003D5B72 /* Files */ = {
			isa = PBXGroup;
			children = (
				710CC7A926346D05003D5B72 /* AppDelegate.swift */,
				710CC7AB26346D05003D5B72 /* SceneDelegate.swift */,
				710CC7AF26346D06003D5B72 /* Assets.xcassets */,
				710CC7B426346D06003D5B72 /* LaunchScreen.storyboard */,
				710CC7B726346D06003D5B72 /* Info.plist */,
			);
			name = Files;
			sourceTree = "<group>";
		};
/* End PBXGroup section */

/* Begin PBXNativeTarget section */
		710CC7A526346D05003D5B72 /* Rooms */ = {
			isa = PBXNativeTarget;
			buildConfigurationList = 710CC7BA26346D06003D5B72 /* Build configuration list for PBXNativeTarget "Rooms" */;
			buildPhases = (
				710CC7A226346D05003D5B72 /* Sources */,
				710CC7A326346D05003D5B72 /* Frameworks */,
				710CC7A426346D05003D5B72 /* Resources */,
			);
			buildRules = (
			);
			dependencies = (
			);
			name = Rooms;
			productName = Rooms;
			productReference = 710CC7A626346D05003D5B72 /* Rooms.app */;
			productType = "com.apple.product-type.application";
		};
/* End PBXNativeTarget section */

/* Begin PBXProject section */
		710CC79E26346D05003D5B72 /* Project object */ = {
			isa = PBXProject;
			attributes = {
				LastSwiftUpdateCheck = 1240;
				LastUpgradeCheck = 1240;
				TargetAttributes = {
					710CC7A526346D05003D5B72 = {
						CreatedOnToolsVersion = 12.4;
					};
				};
			};
			buildConfigurationList = 710CC7A126346D05003D5B72 /* Build configuration list for PBXProject "Rooms" */;
			compatibilityVersion = "Xcode 9.3";
			developmentRegion = en;
			hasScannedForEncodings = 0;
			knownRegions = (
				en,
				Base,
			);
			mainGroup = 710CC79D26346D05003D5B72;
			productRefGroup = 710CC7A726346D05003D5B72 /* Products */;
			projectDirPath = "";
			projectRoot = "";
			targets = (
				710CC7A526346D05003D5B72 /* Rooms */,
			);
		};
/* End PBXProject section */

/* Begin PBXResourcesBuildPhase section */
		710CC7A426346D05003D5B72 /* Resources */ = {
			isa = PBXResourcesBuildPhase;
			buildActionMask = 2147483647;
			files = (
				710CC7B626346D06003D5B72 /* LaunchScreen.storyboard in Resources */,
				710CC7B326346D06003D5B72 /* Preview Assets.xcassets in Resources */,
				710CC7B026346D06003D5B72 /* Assets.xcassets in Resources */,
			);
			runOnlyForDeploymentPostprocessing = 0;
		};
/* End PBXResourcesBuildPhase section */

/* Begin PBXSourcesBuildPhase section */
		710CC7A226346D05003D5B72 /* Sources */ = {
			isa = PBXSourcesBuildPhase;
			buildActionMask = 2147483647;
			files = (
				710CC7C52634823B003D5B72 /* RoomDetail.swift in Sources */,
				710CC7AA26346D05003D5B72 /* AppDelegate.swift in Sources */,
				710CC7AC26346D05003D5B72 /* SceneDelegate.swift in Sources */,
				710CC7C126347832003D5B72 /* Room.swift in Sources */,
				710CC7C826359B8C003D5B72 /* RoomStore.swift in Sources */,
				710CC7AE26346D05003D5B72 /* ContentView.swift in Sources */,
			);
			runOnlyForDeploymentPostprocessing = 0;
		};
/* End PBXSourcesBuildPhase section */

/* Begin PBXVariantGroup section */
		710CC7B426346D06003D5B72 /* LaunchScreen.storyboard */ = {
			isa = PBXVariantGroup;
			children = (
				710CC7B526346D06003D5B72 /* Base */,
			);
			name = LaunchScreen.storyboard;
			sourceTree = "<group>";
		};
/* End PBXVariantGroup section */

/* Begin XCBuildConfiguration section */
		710CC7B826346D06003D5B72 /* Debug */ = {
			isa = XCBuildConfiguration;
			buildSettings = {
				ALWAYS_SEARCH_USER_PATHS = NO;
				CLANG_ANALYZER_NONNULL = YES;
				CLANG_ANALYZER_NUMBER_OBJECT_CONVERSION = YES_AGGRESSIVE;
				CLANG_CXX_LANGUAGE_STANDARD = "gnu++14";
				CLANG_CXX_LIBRARY = "libc++";
				CLANG_ENABLE_MODULES = YES;
				CLANG_ENABLE_OBJC_ARC = YES;
				CLANG_ENABLE_OBJC_WEAK = YES;
				CLANG_WARN_BLOCK_CAPTURE_AUTORELEASING = YES;
				CLANG_WARN_BOOL_CONVERSION = YES;
				CLANG_WARN_COMMA = YES;
				CLANG_WARN_CONSTANT_CONVERSION = YES;
				CLANG_WARN_DEPRECATED_OBJC_IMPLEMENTATIONS = YES;
				CLANG_WARN_DIRECT_OBJC_ISA_USAGE = YES_ERROR;
				CLANG_WARN_DOCUMENTATION_COMMENTS = YES;
				CLANG_WARN_EMPTY_BODY = YES;
				CLANG_WARN_ENUM_CONVERSION = YES;
				CLANG_WARN_INFINITE_RECURSION = YES;
				CLANG_WARN_INT_CONVERSION = YES;
				CLANG_WARN_NON_LITERAL_NULL_CONVERSION = YES;
				CLANG_WARN_OBJC_IMPLICIT_RETAIN_SELF = YES;
				CLANG_WARN_OBJC_LITERAL_CONVERSION = YES;
				CLANG_WARN_OBJC_ROOT_CLASS = YES_ERROR;
				CLANG_WARN_QUOTED_INCLUDE_IN_FRAMEWORK_HEADER = YES;
				CLANG_WARN_RANGE_LOOP_ANALYSIS = YES;
				CLANG_WARN_STRICT_PROTOTYPES = YES;
				CLANG_WARN_SUSPICIOUS_MOVE = YES;
				CLANG_WARN_UNGUARDED_AVAILABILITY = YES_AGGRESSIVE;
				CLANG_WARN_UNREACHABLE_CODE = YES;
				CLANG_WARN__DUPLICATE_METHOD_MATCH = YES;
				COPY_PHASE_STRIP = NO;
				DEBUG_INFORMATION_FORMAT = dwarf;
				ENABLE_STRICT_OBJC_MSGSEND = YES;
				ENABLE_TESTABILITY = YES;
				GCC_C_LANGUAGE_STANDARD = gnu11;
				GCC_DYNAMIC_NO_PIC = NO;
				GCC_NO_COMMON_BLOCKS = YES;
				GCC_OPTIMIZATION_LEVEL = 0;
				GCC_PREPROCESSOR_DEFINITIONS = (
					"DEBUG=1",
					"$(inherited)",
				);
				GCC_WARN_64_TO_32_BIT_CONVERSION = YES;
				GCC_WARN_ABOUT_RETURN_TYPE = YES_ERROR;
				GCC_WARN_UNDECLARED_SELECTOR = YES;
				GCC_WARN_UNINITIALIZED_AUTOS = YES_AGGRESSIVE;
				GCC_WARN_UNUSED_FUNCTION = YES;
				GCC_WARN_UNUSED_VARIABLE = YES;
				IPHONEOS_DEPLOYMENT_TARGET = 14.4;
				MTL_ENABLE_DEBUG_INFO = INCLUDE_SOURCE;
				MTL_FAST_MATH = YES;
				ONLY_ACTIVE_ARCH = YES;
				SDKROOT = iphoneos;
				SWIFT_ACTIVE_COMPILATION_CONDITIONS = DEBUG;
				SWIFT_OPTIMIZATION_LEVEL = "-Onone";
			};
			name = Debug;
		};
		710CC7B926346D06003D5B72 /* Release */ = {
			isa = XCBuildConfiguration;
			buildSettings = {
				ALWAYS_SEARCH_USER_PATHS = NO;
				CLANG_ANALYZER_NONNULL = YES;
				CLANG_ANALYZER_NUMBER_OBJECT_CONVERSION = YES_AGGRESSIVE;
				CLANG_CXX_LANGUAGE_STANDARD = "gnu++14";
				CLANG_CXX_LIBRARY = "libc++";
				CLANG_ENABLE_MODULES = YES;
				CLANG_ENABLE_OBJC_ARC = YES;
				CLANG_ENABLE_OBJC_WEAK = YES;
				CLANG_WARN_BLOCK_CAPTURE_AUTORELEASING = YES;
				CLANG_WARN_BOOL_CONVERSION = YES;
				CLANG_WARN_COMMA = YES;
				CLANG_WARN_CONSTANT_CONVERSION = YES;
				CLANG_WARN_DEPRECATED_OBJC_IMPLEMENTATIONS = YES;
				CLANG_WARN_DIRECT_OBJC_ISA_USAGE = YES_ERROR;
				CLANG_WARN_DOCUMENTATION_COMMENTS = YES;
				CLANG_WARN_EMPTY_BODY = YES;
				CLANG_WARN_ENUM_CONVERSION = YES;
				CLANG_WARN_INFINITE_RECURSION = YES;
				CLANG_WARN_INT_CONVERSION = YES;
				CLANG_WARN_NON_LITERAL_NULL_CONVERSION = YES;
				CLANG_WARN_OBJC_IMPLICIT_RETAIN_SELF = YES;
				CLANG_WARN_OBJC_LITERAL_CONVERSION = YES;
				CLANG_WARN_OBJC_ROOT_CLASS = YES_ERROR;
				CLANG_WARN_QUOTED_INCLUDE_IN_FRAMEWORK_HEADER = YES;
				CLANG_WARN_RANGE_LOOP_ANALYSIS = YES;
				CLANG_WARN_STRICT_PROTOTYPES = YES;
				CLANG_WARN_SUSPICIOUS_MOVE = YES;
				CLANG_WARN_UNGUARDED_AVAILABILITY = YES_AGGRESSIVE;
				CLANG_WARN_UNREACHABLE_CODE = YES;
				CLANG_WARN__DUPLICATE_METHOD_MATCH = YES;
				COPY_PHASE_STRIP = NO;
				DEBUG_INFORMATION_FORMAT = "dwarf-with-dsym";
				ENABLE_NS_ASSERTIONS = NO;
				ENABLE_STRICT_OBJC_MSGSEND = YES;
				GCC_C_LANGUAGE_STANDARD = gnu11;
				GCC_NO_COMMON_BLOCKS = YES;
				GCC_WARN_64_TO_32_BIT_CONVERSION = YES;
				GCC_WARN_ABOUT_RETURN_TYPE = YES_ERROR;
				GCC_WARN_UNDECLARED_SELECTOR = YES;
				GCC_WARN_UNINITIALIZED_AUTOS = YES_AGGRESSIVE;
				GCC_WARN_UNUSED_FUNCTION = YES;
				GCC_WARN_UNUSED_VARIABLE = YES;
				IPHONEOS_DEPLOYMENT_TARGET = 14.4;
				MTL_ENABLE_DEBUG_INFO = NO;
				MTL_FAST_MATH = YES;
				SDKROOT = iphoneos;
				SWIFT_COMPILATION_MODE = wholemodule;
				SWIFT_OPTIMIZATION_LEVEL = "-O";
				VALIDATE_PRODUCT = YES;
			};
			name = Release;
		};
		710CC7BB26346D06003D5B72 /* Debug */ = {
			isa = XCBuildConfiguration;
			buildSettings = {
				ASSETCATALOG_COMPILER_APPICON_NAME = AppIcon;
				ASSETCATALOG_COMPILER_GLOBAL_ACCENT_COLOR_NAME = AccentColor;
				CODE_SIGN_STYLE = Automatic;
				DEVELOPMENT_ASSET_PATHS = "\"Rooms/Preview Content\"";
				ENABLE_PREVIEWS = YES;
				INFOPLIST_FILE = Rooms/Info.plist;
				LD_RUNPATH_SEARCH_PATHS = (
					"$(inherited)",
					"@executable_path/Frameworks",
				);
				PRODUCT_BUNDLE_IDENTIFIER = com.rsc.Rooms;
				PRODUCT_NAME = "$(TARGET_NAME)";
				SWIFT_VERSION = 5.0;
				TARGETED_DEVICE_FAMILY = "1,2";
			};
			name = Debug;
		};
		710CC7BC26346D06003D5B72 /* Release */ = {
			isa = XCBuildConfiguration;
			buildSettings = {
				ASSETCATALOG_COMPILER_APPICON_NAME = AppIcon;
				ASSETCATALOG_COMPILER_GLOBAL_ACCENT_COLOR_NAME = AccentColor;
				CODE_SIGN_STYLE = Automatic;
				DEVELOPMENT_ASSET_PATHS = "\"Rooms/Preview Content\"";
				ENABLE_PREVIEWS = YES;
				INFOPLIST_FILE = Rooms/Info.plist;
				LD_RUNPATH_SEARCH_PATHS = (
					"$(inherited)",
					"@executable_path/Frameworks",
				);
				PRODUCT_BUNDLE_IDENTIFIER = com.rsc.Rooms;
				PRODUCT_NAME = "$(TARGET_NAME)";
				SWIFT_VERSION = 5.0;
				TARGETED_DEVICE_FAMILY = "1,2";
			};
			name = Release;
		};
/* End XCBuildConfiguration section */

/* Begin XCConfigurationList section */
		710CC7A126346D05003D5B72 /* Build configuration list for PBXProject "Rooms" */ = {
			isa = XCConfigurationList;
			buildConfigurations = (
				710CC7B826346D06003D5B72 /* Debug */,
				710CC7B926346D06003D5B72 /* Release */,
			);
			defaultConfigurationIsVisible = 0;
			defaultConfigurationName = Release;
		};
		710CC7BA26346D06003D5B72 /* Build configuration list for PBXNativeTarget "Rooms" */ = {
			isa = XCConfigurationList;
			buildConfigurations = (
				710CC7BB26346D06003D5B72 /* Debug */,
				710CC7BC26346D06003D5B72 /* Release */,
			);
			defaultConfigurationIsVisible = 0;
			defaultConfigurationName = Release;
		};
/* End XCConfigurationList section */
	};
	rootObject = 710CC79E26346D05003D5B72 /* Project object */;
}
